
Microsoft Visual Studio Solution File, Format Version 12.00
# Visual Studio 2012
Project("{FAE04EC0-301F-11D3-BF4B-00C04F79EFBC}") = "View", "View\View.csproj", "{0CF8A2F2-ACDA-4AB7-8AF2-A6606B5E0F04}"
EndProject
Project("{FAE04EC0-301F-11D3-BF4B-00C04F79EFBC}") = "Model", "Model\Model.csproj", "{6104C4BA-5646-4F96-AD53-4E893828AE24}"
EndProject
Global
	GlobalSection(SolutionConfigurationPlatforms) = preSolution
		Debug|Any CPU = Debug|Any CPU
		Release|Any CPU = Release|Any CPU
	EndGlobalSection
	GlobalSection(ProjectConfigurationPlatforms) = postSolution
		{0CF8A2F2-ACDA-4AB7-8AF2-A6606B5E0F04}.Debug|Any CPU.ActiveCfg = Debug|Any CPU
		{0CF8A2F2-ACDA-4AB7-8AF2-A6606B5E0F04}.Debug|Any CPU.Build.0 = Debug|Any CPU
		{0CF8A2F2-ACDA-4AB7-8AF2-A6606B5E0F04}.Release|Any CPU.ActiveCfg = Release|Any CPU
		{0CF8A2F2-ACDA-4AB7-8AF2-A6606B5E0F04}.Release|Any CPU.Build.0 = Release|Any CPU
		{6104C4BA-5646-4F96-AD53-4E893828AE24}.Debug|Any CPU.ActiveCfg = Debug|Any CPU
		{6104C4BA-5646-4F96-AD53-4E893828AE24}.Debug|Any CPU.Build.0 = Debug|Any CPU
		{6104C4BA-5646-4F96-AD53-4E893828AE24}.Release|Any CPU.ActiveCfg = Release|Any CPU
		{6104C4BA-5646-4F96-AD53-4E893828AE24}.Release|Any CPU.Build.0 = Release|Any CPU
	EndGlobalSection
	GlobalSection(SolutionProperties) = preSolution
		HideSolutionNode = FALSE
	EndGlobalSection
EndGlobal
